{
  "name": "2ac88b2b05a759ca",
  "lockfileVersion": 3,
  "requires": true,
  "packages": {
    "": {
      "dependencies": {
        "antigravity-awesome-skills": "^6.5.0"
      }
    },
    "node_modules/antigravity-awesome-skills": {
      "version": "6.5.0",
      "resolved": "https://registry.npmjs.org/antigravity-awesome-skills/-/antigravity-awesome-skills-6.5.0.tgz",
      "integrity": "sha512-CklDOWWq1pObXzPiP+obwnHPgO8MHRKrMvWSKbg1PwyWteh2N5WONAFVY5m/UWzhUeo/v2xcA8p+MK6L/Uho9Q==",
      "license": "MIT",
      "bin": {
        "antigravity-awesome-skills": "bin/install.js"
      }
    }
  }
}
